
Microsoft Visual Studio Solution File, Format Version 12.00
# Visual Studio Version 16
VisualStudioVersion = 16.0.36631.11
MinimumVisualStudioVersion = 10.0.40219.1
Project("{8BC9CEB8-8B4A-11D0-8D11-00A0C91BC942}") = "AppxUtils", "AppxUtils.vcxproj", "{B9D8EB40-2E11-43F6-853B-788FA4D28BD9}"
EndProject
Project("{FAE04EC0-301F-11D3-BF4B-00C04F79EFBC}") = "TestApp", "TestApp\TestApp.csproj", "{AAB047B6-3467-4283-ADD6-B94230844DF3}"
EndProject
Global
	GlobalSection(SolutionConfigurationPlatforms) = preSolution
		Release|Any CPU = Release|Any CPU
		Release|ARM = Release|ARM
		Release|ARM64 = Release|ARM64
		Release|x64 = Release|x64
		Release|x86 = Release|x86
	EndGlobalSection
	GlobalSection(ProjectConfigurationPlatforms) = postSolution
		{B9D8EB40-2E11-43F6-853B-788FA4D28BD9}.Release|Any CPU.ActiveCfg = Release|Win32
		{B9D8EB40-2E11-43F6-853B-788FA4D28BD9}.Release|ARM.ActiveCfg = Release|ARM
		{B9D8EB40-2E11-43F6-853B-788FA4D28BD9}.Release|ARM.Build.0 = Release|ARM
		{B9D8EB40-2E11-43F6-853B-788FA4D28BD9}.Release|ARM64.ActiveCfg = Release|ARM64
		{B9D8EB40-2E11-43F6-853B-788FA4D28BD9}.Release|ARM64.Build.0 = Release|ARM64
		{B9D8EB40-2E11-43F6-853B-788FA4D28BD9}.Release|x64.ActiveCfg = Release|x64
		{B9D8EB40-2E11-43F6-853B-788FA4D28BD9}.Release|x64.Build.0 = Release|x64
		{B9D8EB40-2E11-43F6-853B-788FA4D28BD9}.Release|x86.ActiveCfg = Release|Win32
		{B9D8EB40-2E11-43F6-853B-788FA4D28BD9}.Release|x86.Build.0 = Release|Win32
		{AAB047B6-3467-4283-ADD6-B94230844DF3}.Release|Any CPU.ActiveCfg = Release|Any CPU
		{AAB047B6-3467-4283-ADD6-B94230844DF3}.Release|Any CPU.Build.0 = Release|Any CPU
		{AAB047B6-3467-4283-ADD6-B94230844DF3}.Release|ARM.ActiveCfg = Release|Any CPU
		{AAB047B6-3467-4283-ADD6-B94230844DF3}.Release|ARM.Build.0 = Release|Any CPU
		{AAB047B6-3467-4283-ADD6-B94230844DF3}.Release|ARM64.ActiveCfg = Release|Any CPU
		{AAB047B6-3467-4283-ADD6-B94230844DF3}.Release|ARM64.Build.0 = Release|Any CPU
		{AAB047B6-3467-4283-ADD6-B94230844DF3}.Release|x64.ActiveCfg = Release|x64
		{AAB047B6-3467-4283-ADD6-B94230844DF3}.Release|x64.Build.0 = Release|x64
		{AAB047B6-3467-4283-ADD6-B94230844DF3}.Release|x86.ActiveCfg = Release|Any CPU
		{AAB047B6-3467-4283-ADD6-B94230844DF3}.Release|x86.Build.0 = Release|Any CPU
	EndGlobalSection
	GlobalSection(SolutionProperties) = preSolution
		HideSolutionNode = FALSE
	EndGlobalSection
	GlobalSection(ExtensibilityGlobals) = postSolution
		SolutionGuid = {2C926B5C-8F64-477B-A619-FA546CC68FD4}
	EndGlobalSection
EndGlobal
